
Microsoft Visual Studio Solution File, Format Version 12.00
# Visual Studio Version 16
VisualStudioVersion = 16.0.29806.167
MinimumVisualStudioVersion = 10.0.40219.1
Project("{8BC9CEB8-8B4A-11D0-8D11-00A0C91BC942}") = "Prac1.1", "Prac1\Prac1.vcxproj", "{BB17BDD0-EFE7-46B2-B340-3D649F3FD028}"
EndProject
Project("{8BC9CEB8-8B4A-11D0-8D11-00A0C91BC942}") = "Prac1.2", "Prac1.2\Prac1.2.vcxproj", "{7DCF6564-B563-42A1-829E-5E2E5925B5B6}"
EndProject
Project("{8BC9CEB8-8B4A-11D0-8D11-00A0C91BC942}") = "Prac1.3", "Prac1.3\Prac1.3.vcxproj", "{813755E6-39ED-43A0-8CEB-7DDF20D7A5FC}"
EndProject
Project("{8BC9CEB8-8B4A-11D0-8D11-00A0C91BC942}") = "Prac1.4", "Prac1.4\Prac1.4.vcxproj", "{5C9D6210-A7A4-41F4-8A48-11D319CA26D7}"
EndProject
Global
	GlobalSection(SolutionConfigurationPlatforms) = preSolution
		Debug|x64 = Debug|x64
		Debug|x86 = Debug|x86
		Release|x64 = Release|x64
		Release|x86 = Release|x86
	EndGlobalSection
	GlobalSection(ProjectConfigurationPlatforms) = postSolution
		{BB17BDD0-EFE7-46B2-B340-3D649F3FD028}.Debug|x64.ActiveCfg = Debug|x64
		{BB17BDD0-EFE7-46B2-B340-3D649F3FD028}.Debug|x64.Build.0 = Debug|x64
		{BB17BDD0-EFE7-46B2-B340-3D649F3FD028}.Debug|x86.ActiveCfg = Debug|Win32
		{BB17BDD0-EFE7-46B2-B340-3D649F3FD028}.Debug|x86.Build.0 = Debug|Win32
		{BB17BDD0-EFE7-46B2-B340-3D649F3FD028}.Release|x64.ActiveCfg = Release|x64
		{BB17BDD0-EFE7-46B2-B340-3D649F3FD028}.Release|x64.Build.0 = Release|x64
		{BB17BDD0-EFE7-46B2-B340-3D649F3FD028}.Release|x86.ActiveCfg = Release|Win32
		{BB17BDD0-EFE7-46B2-B340-3D649F3FD028}.Release|x86.Build.0 = Release|Win32
		{7DCF6564-B563-42A1-829E-5E2E5925B5B6}.Debug|x64.ActiveCfg = Debug|x64
		{7DCF6564-B563-42A1-829E-5E2E5925B5B6}.Debug|x64.Build.0 = Debug|x64
		{7DCF6564-B563-42A1-829E-5E2E5925B5B6}.Debug|x86.ActiveCfg = Debug|Win32
		{7DCF6564-B563-42A1-829E-5E2E5925B5B6}.Debug|x86.Build.0 = Debug|Win32
		{7DCF6564-B563-42A1-829E-5E2E5925B5B6}.Release|x64.ActiveCfg = Release|x64
		{7DCF6564-B563-42A1-829E-5E2E5925B5B6}.Release|x64.Build.0 = Release|x64
		{7DCF6564-B563-42A1-829E-5E2E5925B5B6}.Release|x86.ActiveCfg = Release|Win32
		{7DCF6564-B563-42A1-829E-5E2E5925B5B6}.Release|x86.Build.0 = Release|Win32
		{813755E6-39ED-43A0-8CEB-7DDF20D7A5FC}.Debug|x64.ActiveCfg = Debug|x64
		{813755E6-39ED-43A0-8CEB-7DDF20D7A5FC}.Debug|x64.Build.0 = Debug|x64
		{813755E6-39ED-43A0-8CEB-7DDF20D7A5FC}.Debug|x86.ActiveCfg = Debug|Win32
		{813755E6-39ED-43A0-8CEB-7DDF20D7A5FC}.Debug|x86.Build.0 = Debug|Win32
		{813755E6-39ED-43A0-8CEB-7DDF20D7A5FC}.Release|x64.ActiveCfg = Release|x64
		{813755E6-39ED-43A0-8CEB-7DDF20D7A5FC}.Release|x64.Build.0 = Release|x64
		{813755E6-39ED-43A0-8CEB-7DDF20D7A5FC}.Release|x86.ActiveCfg = Release|Win32
		{813755E6-39ED-43A0-8CEB-7DDF20D7A5FC}.Release|x86.Build.0 = Release|Win32
		{5C9D6210-A7A4-41F4-8A48-11D319CA26D7}.Debug|x64.ActiveCfg = Debug|x64
		{5C9D6210-A7A4-41F4-8A48-11D319CA26D7}.Debug|x64.Build.0 = Debug|x64
		{5C9D6210-A7A4-41F4-8A48-11D319CA26D7}.Debug|x86.ActiveCfg = Debug|Win32
		{5C9D6210-A7A4-41F4-8A48-11D319CA26D7}.Debug|x86.Build.0 = Debug|Win32
		{5C9D6210-A7A4-41F4-8A48-11D319CA26D7}.Release|x64.ActiveCfg = Release|x64
		{5C9D6210-A7A4-41F4-8A48-11D319CA26D7}.Release|x64.Build.0 = Release|x64
		{5C9D6210-A7A4-41F4-8A48-11D319CA26D7}.Release|x86.ActiveCfg = Release|Win32
		{5C9D6210-A7A4-41F4-8A48-11D319CA26D7}.Release|x86.Build.0 = Release|Win32
	EndGlobalSection
	GlobalSection(SolutionProperties) = preSolution
		HideSolutionNode = FALSE
	EndGlobalSection
	GlobalSection(ExtensibilityGlobals) = postSolution
		SolutionGuid = {4EFF6A9B-C9BA-4F6A-A7FC-C5F32D38BE7E}
	EndGlobalSection
EndGlobal
